
Microsoft Visual Studio Solution File, Format Version 12.00
# Visual Studio Version 17
VisualStudioVersion = 17.3.32804.467
MinimumVisualStudioVersion = 10.0.40219.1
Project("{9A19103F-16F7-4668-BE54-9A1E7A4F7556}") = "CRUD.API", "CRUD.API\CRUD.API.csproj", "{0FC9B0A1-0A2C-47D4-A214-54FFDEE8DCDC}"
EndProject
Project("{2150E333-8FDC-42A3-9474-1A3956D46DE8}") = "API", "API", "{007B34AA-ABEC-42E3-88C7-0F4A786BC5A1}"
EndProject
Project("{2150E333-8FDC-42A3-9474-1A3956D46DE8}") = "UI", "UI", "{7C267F8F-24DA-4F1A-8B1F-5AA206F0CBA7}"
EndProject
Project("{2150E333-8FDC-42A3-9474-1A3956D46DE8}") = "Core", "Core", "{4B72D7E4-A8AE-4437-BC4B-ECA4EEE81CD7}"
EndProject
Project("{9A19103F-16F7-4668-BE54-9A1E7A4F7556}") = "CRUD.UI", "CRUD.UI\CRUD.UI.csproj", "{176E78CE-0C72-4B3F-BADF-21BD83220185}"
EndProject
Project("{9A19103F-16F7-4668-BE54-9A1E7A4F7556}") = "Common", "Common\Common.csproj", "{59D9A2DD-1E7E-49CC-BF4B-584DC12BC046}"
EndProject
Project("{9A19103F-16F7-4668-BE54-9A1E7A4F7556}") = "Contract", "Contract\Contract.csproj", "{A4604BD9-6CAC-45C0-A63D-8B902D5FD5DF}"
EndProject
Project("{9A19103F-16F7-4668-BE54-9A1E7A4F7556}") = "Datalayer", "Datalayer\Datalayer.csproj", "{92DA7500-AC08-4419-ADB3-0F53D2588E8F}"
EndProject
Project("{9A19103F-16F7-4668-BE54-9A1E7A4F7556}") = "Domain", "Domain\Domain.csproj", "{85F3019A-A6CC-4351-86ED-4D5AFC9553F9}"
EndProject
Project("{9A19103F-16F7-4668-BE54-9A1E7A4F7556}") = "Service", "Service\Service.csproj", "{D7BFE3AB-E320-4796-8E05-3C0C9B0461DD}"
EndProject
Project("{2150E333-8FDC-42A3-9474-1A3956D46DE8}") = "Test", "Test", "{561CE572-D2AF-4875-BB12-73BD75264F73}"
EndProject
Project("{FAE04EC0-301F-11D3-BF4B-00C04F79EFBC}") = "Contract.Test", "Contract.Test\Contract.Test.csproj", "{BC5FAAA4-089E-4322-A823-0577DB2C7628}"
EndProject
Global
	GlobalSection(SolutionConfigurationPlatforms) = preSolution
		Debug|Any CPU = Debug|Any CPU
		Release|Any CPU = Release|Any CPU
	EndGlobalSection
	GlobalSection(ProjectConfigurationPlatforms) = postSolution
		{0FC9B0A1-0A2C-47D4-A214-54FFDEE8DCDC}.Debug|Any CPU.ActiveCfg = Debug|Any CPU
		{0FC9B0A1-0A2C-47D4-A214-54FFDEE8DCDC}.Debug|Any CPU.Build.0 = Debug|Any CPU
		{0FC9B0A1-0A2C-47D4-A214-54FFDEE8DCDC}.Release|Any CPU.ActiveCfg = Release|Any CPU
		{0FC9B0A1-0A2C-47D4-A214-54FFDEE8DCDC}.Release|Any CPU.Build.0 = Release|Any CPU
		{176E78CE-0C72-4B3F-BADF-21BD83220185}.Debug|Any CPU.ActiveCfg = Debug|Any CPU
		{176E78CE-0C72-4B3F-BADF-21BD83220185}.Debug|Any CPU.Build.0 = Debug|Any CPU
		{176E78CE-0C72-4B3F-BADF-21BD83220185}.Release|Any CPU.ActiveCfg = Release|Any CPU
		{176E78CE-0C72-4B3F-BADF-21BD83220185}.Release|Any CPU.Build.0 = Release|Any CPU
		{59D9A2DD-1E7E-49CC-BF4B-584DC12BC046}.Debug|Any CPU.ActiveCfg = Debug|Any CPU
		{59D9A2DD-1E7E-49CC-BF4B-584DC12BC046}.Debug|Any CPU.Build.0 = Debug|Any CPU
		{59D9A2DD-1E7E-49CC-BF4B-584DC12BC046}.Release|Any CPU.ActiveCfg = Release|Any CPU
		{59D9A2DD-1E7E-49CC-BF4B-584DC12BC046}.Release|Any CPU.Build.0 = Release|Any CPU
		{A4604BD9-6CAC-45C0-A63D-8B902D5FD5DF}.Debug|Any CPU.ActiveCfg = Debug|Any CPU
		{A4604BD9-6CAC-45C0-A63D-8B902D5FD5DF}.Debug|Any CPU.Build.0 = Debug|Any CPU
		{A4604BD9-6CAC-45C0-A63D-8B902D5FD5DF}.Release|Any CPU.ActiveCfg = Release|Any CPU
		{A4604BD9-6CAC-45C0-A63D-8B902D5FD5DF}.Release|Any CPU.Build.0 = Release|Any CPU
		{92DA7500-AC08-4419-ADB3-0F53D2588E8F}.Debug|Any CPU.ActiveCfg = Debug|Any CPU
		{92DA7500-AC08-4419-ADB3-0F53D2588E8F}.Debug|Any CPU.Build.0 = Debug|Any CPU
		{92DA7500-AC08-4419-ADB3-0F53D2588E8F}.Release|Any CPU.ActiveCfg = Release|Any CPU
		{92DA7500-AC08-4419-ADB3-0F53D2588E8F}.Release|Any CPU.Build.0 = Release|Any CPU
		{85F3019A-A6CC-4351-86ED-4D5AFC9553F9}.Debug|Any CPU.ActiveCfg = Debug|Any CPU
		{85F3019A-A6CC-4351-86ED-4D5AFC9553F9}.Debug|Any CPU.Build.0 = Debug|Any CPU
		{85F3019A-A6CC-4351-86ED-4D5AFC9553F9}.Release|Any CPU.ActiveCfg = Release|Any CPU
		{85F3019A-A6CC-4351-86ED-4D5AFC9553F9}.Release|Any CPU.Build.0 = Release|Any CPU
		{D7BFE3AB-E320-4796-8E05-3C0C9B0461DD}.Debug|Any CPU.ActiveCfg = Debug|Any CPU
		{D7BFE3AB-E320-4796-8E05-3C0C9B0461DD}.Debug|Any CPU.Build.0 = Debug|Any CPU
		{D7BFE3AB-E320-4796-8E05-3C0C9B0461DD}.Release|Any CPU.ActiveCfg = Release|Any CPU
		{D7BFE3AB-E320-4796-8E05-3C0C9B0461DD}.Release|Any CPU.Build.0 = Release|Any CPU
		{BC5FAAA4-089E-4322-A823-0577DB2C7628}.Debug|Any CPU.ActiveCfg = Debug|Any CPU
		{BC5FAAA4-089E-4322-A823-0577DB2C7628}.Debug|Any CPU.Build.0 = Debug|Any CPU
		{BC5FAAA4-089E-4322-A823-0577DB2C7628}.Release|Any CPU.ActiveCfg = Release|Any CPU
		{BC5FAAA4-089E-4322-A823-0577DB2C7628}.Release|Any CPU.Build.0 = Release|Any CPU
	EndGlobalSection
	GlobalSection(SolutionProperties) = preSolution
		HideSolutionNode = FALSE
	EndGlobalSection
	GlobalSection(NestedProjects) = preSolution
		{0FC9B0A1-0A2C-47D4-A214-54FFDEE8DCDC} = {007B34AA-ABEC-42E3-88C7-0F4A786BC5A1}
		{176E78CE-0C72-4B3F-BADF-21BD83220185} = {7C267F8F-24DA-4F1A-8B1F-5AA206F0CBA7}
		{59D9A2DD-1E7E-49CC-BF4B-584DC12BC046} = {4B72D7E4-A8AE-4437-BC4B-ECA4EEE81CD7}
		{A4604BD9-6CAC-45C0-A63D-8B902D5FD5DF} = {4B72D7E4-A8AE-4437-BC4B-ECA4EEE81CD7}
		{92DA7500-AC08-4419-ADB3-0F53D2588E8F} = {4B72D7E4-A8AE-4437-BC4B-ECA4EEE81CD7}
		{85F3019A-A6CC-4351-86ED-4D5AFC9553F9} = {4B72D7E4-A8AE-4437-BC4B-ECA4EEE81CD7}
		{D7BFE3AB-E320-4796-8E05-3C0C9B0461DD} = {4B72D7E4-A8AE-4437-BC4B-ECA4EEE81CD7}
		{BC5FAAA4-089E-4322-A823-0577DB2C7628} = {561CE572-D2AF-4875-BB12-73BD75264F73}
	EndGlobalSection
	GlobalSection(ExtensibilityGlobals) = postSolution
		SolutionGuid = {E8C676CD-8D7C-4A46-A872-D635BB78C9D4}
	EndGlobalSection
EndGlobal
